# Generated by conda-lock.
# platform: linux-64
# input_hash: 5938ca678b63991deb7980607c9b86eb65a4b96ac729f59dd3dd18c2cfbf299d
@EXPLICIT
https://conda.anaconda.org/conda-forge/linux-64/_libgcc_mutex-0.1-conda_forge.tar.bz2#d7c89558ba9fa0495403155b64376d81
https://conda.anaconda.org/conda-forge/linux-64/ca-certificates-2023.5.7-hbcca054_0.conda#f5c65075fc34438d5b456c7f3f5ab695
https://conda.anaconda.org/conda-forge/linux-64/ld_impl_linux-64-2.40-h41732ed_0.conda#7aca3059a1729aa76c597603f10b0dd3
https://conda.anaconda.org/conda-forge/linux-64/libgfortran5-13.1.0-h15d22d2_0.conda#afb656a334c409dd9805508af1c89c7a
https://conda.anaconda.org/conda-forge/linux-64/libstdcxx-ng-13.1.0-hfd8a6a1_0.conda#067bcc23164642f4c226da631f2a2e1d
https://conda.anaconda.org/conda-forge/noarch/nomkl-1.0-h5ca1d4c_0.tar.bz2#9a66894dfd07c4510beb6b3f9672ccc0
https://conda.anaconda.org/conda-forge/linux-64/python_abi-3.11-3_cp311.conda#c2e2630ddb68cf52eec74dc7dfab20b5
https://conda.anaconda.org/conda-forge/noarch/tzdata-2023c-h71feb2d_0.conda#939e3e74d8be4dac89ce83b20de2492a
https://conda.anaconda.org/conda-forge/linux-64/libgfortran-ng-13.1.0-h69a702a_0.conda#506dc07710dd5b0ba63cbf134897fc10
https://conda.anaconda.org/conda-forge/linux-64/libgomp-13.1.0-he5830b7_0.conda#56ca14d57ac29a75d23a39eb3ee0ddeb
https://conda.anaconda.org/conda-forge/linux-64/_openmp_mutex-4.5-2_gnu.tar.bz2#73aaf86a425cc6e73fcf236a5a46396d
https://conda.anaconda.org/conda-forge/linux-64/libgcc-ng-13.1.0-he5830b7_0.conda#cd93f779ff018dd85c7544c015c9db3c
https://conda.anaconda.org/conda-forge/linux-64/aws-c-common-0.8.23-hd590300_0.conda#cc4f06f7eedb1523f3b83fd0fb3942ff
https://conda.anaconda.org/conda-forge/linux-64/bzip2-1.0.8-h7f98852_4.tar.bz2#a1fd65c7ccbf10880423d82bca54eb54
https://conda.anaconda.org/conda-forge/linux-64/c-ares-1.19.1-hd590300_0.conda#e8c18d865be43e2fb3f7a145b6adf1f5
https://conda.anaconda.org/conda-forge/linux-64/gflags-2.2.2-he1b5a44_1004.tar.bz2#cddaf2c63ea4a5901cf09524c490ecdc
https://conda.anaconda.org/conda-forge/linux-64/gmp-6.2.1-h58526e2_0.tar.bz2#b94cf2db16066b242ebd26db2facbd56
https://conda.anaconda.org/conda-forge/linux-64/icu-72.1-hcb278e6_0.conda#7c8d20d847bb45f56bd941578fcfa146
https://conda.anaconda.org/conda-forge/linux-64/keyutils-1.6.1-h166bdaf_0.tar.bz2#30186d27e2c9fa62b45fb1476b7200e3
https://conda.anaconda.org/conda-forge/linux-64/lerc-4.0.0-h27087fc_0.tar.bz2#76bbff344f0134279f225174e9064c8f
https://conda.anaconda.org/conda-forge/linux-64/libabseil-20230125.3-cxx17_h59595ed_0.conda#d1db1b8be7c3a8983dcbbbfe4f0765de
https://conda.anaconda.org/conda-forge/linux-64/libbrotlicommon-1.0.9-h166bdaf_9.conda#61641e239f96eae2b8492dc7e755828c
https://conda.anaconda.org/conda-forge/linux-64/libcrc32c-1.1.2-h9c3ff4c_0.tar.bz2#c965a5aa0d5c1c37ffc62dff36e28400
https://conda.anaconda.org/conda-forge/linux-64/libdeflate-1.18-h0b41bf4_0.conda#6aa9c9de5542ecb07fdda9ca626252d8
https://conda.anaconda.org/conda-forge/linux-64/libev-4.33-h516909a_1.tar.bz2#6f8720dff19e17ce5d48cfe7f3d2f0a3
https://conda.anaconda.org/conda-forge/linux-64/libexpat-2.5.0-hcb278e6_1.conda#6305a3dd2752c76335295da4e581f2fd
https://conda.anaconda.org/conda-forge/linux-64/libffi-3.4.2-h7f98852_5.tar.bz2#d645c6d2ac96843a2bfaccd2d62b3ac3
https://conda.anaconda.org/conda-forge/linux-64/libiconv-1.17-h166bdaf_0.tar.bz2#b62b52da46c39ee2bc3c162ac7f1804d
https://conda.anaconda.org/conda-forge/linux-64/libjpeg-turbo-2.1.5.1-h0b41bf4_0.conda#1edd9e67bdb90d78cea97733ff6b54e6
https://conda.anaconda.org/conda-forge/linux-64/libnsl-2.0.0-h7f98852_0.tar.bz2#39b1328babf85c7c3a61636d9cd50206
https://conda.anaconda.org/conda-forge/linux-64/libnuma-2.0.16-h0b41bf4_1.conda#28bfe2cb11357ccc5be21101a6b7ce86
https://conda.anaconda.org/conda-forge/linux-64/libopenblas-0.3.23-pthreads_h80387f5_0.conda#9c5ea51ccb8ffae7d06c645869d24ce6
https://conda.anaconda.org/conda-forge/linux-64/libsodium-1.0.18-h36c2ea0_1.tar.bz2#c3788462a6fbddafdb413a9f9053e58d
https://conda.anaconda.org/conda-forge/linux-64/libutf8proc-2.8.0-h166bdaf_0.tar.bz2#ede4266dc02e875fe1ea77b25dd43747
https://conda.anaconda.org/conda-forge/linux-64/libuuid-2.38.1-h0b41bf4_0.conda#40b61aab5c7ba9ff276c41cfffe6b80b
https://conda.anaconda.org/conda-forge/linux-64/libwebp-base-1.3.1-hd590300_0.conda#82bf6f63eb15ef719b556b63feec3a77
https://conda.anaconda.org/conda-forge/linux-64/libzlib-1.2.13-hd590300_5.conda#f36c115f1ee199da648e0597ec2047ad
https://conda.anaconda.org/conda-forge/linux-64/lz4-c-1.9.4-hcb278e6_0.conda#318b08df404f9c9be5712aaa5a6f0bb0
https://conda.anaconda.org/conda-forge/linux-64/ncurses-6.4-hcb278e6_0.conda#681105bccc2a3f7f1a837d47d39c9179
https://conda.anaconda.org/conda-forge/linux-64/openssl-3.1.1-hd590300_1.conda#2e1d7b458ac8f1e3ca4e18b77add6277
https://conda.anaconda.org/conda-forge/linux-64/pthread-stubs-0.4-h36c2ea0_1001.tar.bz2#22dad4df6e8630e8dff2428f6f6a7036
https://conda.anaconda.org/conda-forge/linux-64/rdma-core-28.9-h59595ed_1.conda#aeffb7c06b5f65e55e6c637408dc4100
https://conda.anaconda.org/conda-forge/linux-64/re2-2023.03.02-h8c504da_0.conda#206f8fa808748f6e90599c3368a1114e
https://conda.anaconda.org/conda-forge/linux-64/snappy-1.1.10-h9fff704_0.conda#e6d228cd0bb74a51dd18f5bfce0b4115
https://conda.anaconda.org/conda-forge/linux-64/xorg-libxau-1.0.11-hd590300_0.conda#2c80dc38fface310c9bd81b17037fee5
https://conda.anaconda.org/conda-forge/linux-64/xorg-libxdmcp-1.1.3-h7f98852_0.tar.bz2#be93aabceefa2fac576e971aef407908
https://conda.anaconda.org/conda-forge/linux-64/xz-5.2.6-h166bdaf_0.tar.bz2#2161070d867d1b1204ea749c8eec4ef0
https://conda.anaconda.org/conda-forge/linux-64/yaml-0.2.5-h7f98852_2.tar.bz2#4cb3ad778ec2d5a7acbdf254eb1c42ae
https://conda.anaconda.org/conda-forge/linux-64/aws-c-cal-0.6.0-h93469e0_0.conda#580a52a05f5be28ce00764149017c6d4
https://conda.anaconda.org/conda-forge/linux-64/aws-c-compression-0.2.17-h862ab75_1.conda#0013fcee7acb3cfc801c5929824feb3c
https://conda.anaconda.org/conda-forge/linux-64/aws-c-sdkutils-0.1.11-h862ab75_1.conda#6fbc9bd49434eb36d3a59c5020f4af95
https://conda.anaconda.org/conda-forge/linux-64/aws-checksums-0.1.16-h862ab75_1.conda#f883d61afbc95c50f7b3f62546da4235
https://conda.anaconda.org/conda-forge/linux-64/glog-0.6.0-h6f12383_0.tar.bz2#b31f3565cb84435407594e548a2fb7b2
https://conda.anaconda.org/conda-forge/linux-64/libblas-3.9.0-17_linux64_openblas.conda#57fb44770b1bc832fb2dbefa1bd502de
https://conda.anaconda.org/conda-forge/linux-64/libbrotlidec-1.0.9-h166bdaf_9.conda#081aa22f4581c08e4372b0b6c2f8478e
https://conda.anaconda.org/conda-forge/linux-64/libbrotlienc-1.0.9-h166bdaf_9.conda#1f0a03af852a9659ed2bf08f2f1704fd
https://conda.anaconda.org/conda-forge/linux-64/libedit-3.1.20191231-he28a2e2_2.tar.bz2#4d331e44109e3f0e19b4cb8f9b82f3e1
https://conda.anaconda.org/conda-forge/linux-64/libevent-2.1.12-hf998b51_1.conda#a1cfcc585f0c42bf8d5546bb1dfb668d
https://conda.anaconda.org/conda-forge/linux-64/libllvm14-14.0.6-hcd5def8_3.conda#5c159aa79cab06c55aabcecdd9117f31
https://conda.anaconda.org/conda-forge/linux-64/libnghttp2-1.52.0-h61bc06f_0.conda#613955a50485812985c059e7b269f42e
https://conda.anaconda.org/conda-forge/linux-64/libpng-1.6.39-h753d276_0.conda#e1c890aebdebbfbf87e2c917187b4416
https://conda.anaconda.org/conda-forge/linux-64/libprotobuf-4.23.3-hd1fb520_0.conda#c8da7f04073ed0fabcb60885a4c1a722
https://conda.anaconda.org/conda-forge/linux-64/libsqlite-3.42.0-h2797004_0.conda#fdaae20a1cf7cd62130a0973190a31b7
https://conda.anaconda.org/conda-forge/linux-64/libssh2-1.11.0-h0841786_0.conda#1f5a58e686b13bcfde88b93f547d23fe
https://conda.anaconda.org/conda-forge/linux-64/libxcb-1.15-h0b41bf4_0.conda#33277193f5b92bad9fdd230eb700929c
https://conda.anaconda.org/conda-forge/linux-64/libxml2-2.11.4-h0d562d8_0.conda#e46fad17d5fb57316b956f88dca765e4
https://conda.anaconda.org/conda-forge/linux-64/mpfr-4.2.0-hb012696_0.conda#14d87bdff2cbd3b1179a29fb316ed743
https://conda.anaconda.org/conda-forge/linux-64/readline-8.2-h8228510_1.conda#47d31b792659ce70f470b5c82fdfb7a4
https://conda.anaconda.org/conda-forge/linux-64/s2n-1.3.46-h06160fa_0.conda#413d96a0b655c8f8aacc36473a2dbb04
https://conda.anaconda.org/conda-forge/linux-64/tk-8.6.12-h27826a3_0.tar.bz2#5b8c42eb62e9fc961af70bdd6a26e168
https://conda.anaconda.org/conda-forge/linux-64/ucx-1.14.1-hf587318_2.conda#37b27851c8d5a9a98e61ecd36aa990a7
https://conda.anaconda.org/conda-forge/linux-64/zeromq-4.3.4-h9c3ff4c_1.tar.bz2#21743a8d2ea0c8cfbbf8fe489b0347df
https://conda.anaconda.org/conda-forge/linux-64/zstd-1.5.2-h3eb15da_6.conda#6b63daed8feeca47be78f323e793d555
https://conda.anaconda.org/conda-forge/linux-64/aws-c-io-0.13.27-h3870b5a_0.conda#b868db6b48436bdbda71aa8576f4a44d
https://conda.anaconda.org/conda-forge/linux-64/brotli-bin-1.0.9-h166bdaf_9.conda#d47dee1856d9cb955b8076eeff304a5b
https://conda.anaconda.org/conda-forge/linux-64/freetype-2.12.1-hca18f0e_1.conda#e1232042de76d24539a436d37597eb06
https://conda.anaconda.org/conda-forge/linux-64/krb5-1.20.1-h81ceb04_0.conda#89a41adce7106749573d883b2f657d78
https://conda.anaconda.org/conda-forge/linux-64/libcblas-3.9.0-17_linux64_openblas.conda#7ef0969b00fe3d6eef56a8151d3afb29
https://conda.anaconda.org/conda-forge/linux-64/libgrpc-1.56.0-h3905398_2.conda#6cf9ef21c7ef12df628bf46ad67189d3
https://conda.anaconda.org/conda-forge/linux-64/libhwloc-2.9.1-nocuda_h7313eea_6.conda#cd72a08ef4e84dea4c67edde33eb3191
https://conda.anaconda.org/conda-forge/linux-64/liblapack-3.9.0-17_linux64_openblas.conda#a2103882c46492e26500fcb56c03de8b
https://conda.anaconda.org/conda-forge/linux-64/libthrift-0.18.1-h8fd135c_2.conda#bbf65f7688512872f063810623b755dc
https://conda.anaconda.org/conda-forge/linux-64/libtiff-4.5.1-h8b53f26_0.conda#8ad377fb60abab446a9f02c62b3c2190
https://conda.anaconda.org/conda-forge/linux-64/libxslt-1.1.37-h0054252_1.conda#f27960e8873abb5476e96ef33bdbdccd
https://conda.anaconda.org/conda-forge/linux-64/mpc-1.3.1-hfe3b2da_0.conda#289c71e83dc0daa7d4c81f04180778ca
https://conda.anaconda.org/conda-forge/linux-64/orc-1.9.0-h385abfd_1.conda#2cd5aac7ef1b4c6ac51bf521251a89b3
https://conda.anaconda.org/conda-forge/linux-64/python-3.11.4-hab00c5b_0_cpython.conda#1c628861a2a126b9fc9363ca1b7d014e
https://conda.anaconda.org/conda-forge/noarch/appdirs-1.4.4-pyh9f0ad1d_0.tar.bz2#5f095bc6454094e96f146491fd03633b
https://conda.anaconda.org/conda-forge/noarch/attrs-23.1.0-pyh71513ae_1.conda#3edfead7cedd1ab4400a6c588f3e75f8
https://conda.anaconda.org/conda-forge/linux-64/aws-c-event-stream-0.3.0-h1e03375_8.conda#458fbc4fc2126e7351f23cc225edf5ef
https://conda.anaconda.org/conda-forge/linux-64/aws-c-http-0.7.10-h9ab9c9b_2.conda#cf49873da2e59f876a2ad4794b05801b
https://conda.anaconda.org/conda-forge/noarch/backcall-0.2.0-pyh9f0ad1d_0.tar.bz2#6006a6d08a3fa99268a2681c7fb55213
https://conda.anaconda.org/conda-forge/noarch/backoff-1.11.1-pyhd8ed1ab_0.tar.bz2#a66ed29a35bea3b34d8f1cf87bd748b2
https://conda.anaconda.org/conda-forge/noarch/backports-1.0-pyhd8ed1ab_3.conda#54ca2e08b3220c148a1d8329c2678e02
https://conda.anaconda.org/conda-forge/noarch/blinker-1.6.2-pyhd8ed1ab_0.conda#2fb79ec81bad9492b6d59a06b3b647a4
https://conda.anaconda.org/conda-forge/linux-64/brotli-1.0.9-h166bdaf_9.conda#4601544b4982ba1861fa9b9c607b2c06
https://conda.anaconda.org/conda-forge/noarch/cachetools-5.3.1-pyhd8ed1ab_0.conda#60b5eb16d9a7a5482ba37f67aa49db5b
https://conda.anaconda.org/conda-forge/noarch/certifi-2023.5.7-pyhd8ed1ab_0.conda#5d1b71c942b8421285934dad1d891ebc
https://conda.anaconda.org/conda-forge/noarch/charset-normalizer-3.1.0-pyhd8ed1ab_0.conda#7fcff9f6f123696e940bda77bd4d6551
https://conda.anaconda.org/conda-forge/noarch/click-8.1.3-unix_pyhd8ed1ab_2.tar.bz2#20e4087407c7cb04a40817114b333dbf
https://conda.anaconda.org/conda-forge/noarch/colorama-0.4.6-pyhd8ed1ab_0.tar.bz2#3faab06a954c2a04039983f2c4a50d99
https://conda.anaconda.org/conda-forge/noarch/cycler-0.11.0-pyhd8ed1ab_0.tar.bz2#a50559fad0affdbb33729a68669ca1cb
https://conda.anaconda.org/conda-forge/noarch/dataclasses-0.8-pyhc8e2a94_3.tar.bz2#a362b2124b06aad102e2ee4581acee7d
https://conda.anaconda.org/conda-forge/linux-64/debugpy-1.6.7-py311hcafe171_0.conda#f4c810ad9d791c8df5ad900ed74b085b
https://conda.anaconda.org/conda-forge/noarch/decorator-5.1.1-pyhd8ed1ab_0.tar.bz2#43afe5ab04e35e17ba28649471dd7364
https://conda.anaconda.org/conda-forge/noarch/et_xmlfile-1.1.0-pyhd8ed1ab_0.conda#a2f2138597905eaa72e561d8efb42cf3
https://conda.anaconda.org/conda-forge/noarch/exceptiongroup-1.1.2-pyhd8ed1ab_0.conda#de4cb3384374e1411f0454edcf546cdb
https://conda.anaconda.org/conda-forge/noarch/executing-1.2.0-pyhd8ed1ab_0.tar.bz2#4c1bc140e2be5c8ba6e3acab99e25c50
https://conda.anaconda.org/conda-forge/linux-64/frozenlist-1.3.3-py311hd4cff14_0.tar.bz2#b81ebef162551d6cf909263695fd6d6b
https://conda.anaconda.org/conda-forge/noarch/future-0.18.3-pyhd8ed1ab_0.conda#fec8329fc739090f26a7d7803db254f1
https://conda.anaconda.org/conda-forge/linux-64/gmpy2-2.1.2-py311h6a5fa03_1.tar.bz2#3515bd4a3d92bbd3cc2d25aac335e34d
https://conda.anaconda.org/conda-forge/linux-64/greenlet-2.0.2-py311hb755f60_1.conda#82f9885f18cc7ba9bca6687ac97f1d65
https://conda.anaconda.org/conda-forge/linux-64/humanfriendly-10.0-py311h38be061_4.tar.bz2#5c4f38a9e482f00a7bf23fe479c8ca29
https://conda.anaconda.org/conda-forge/noarch/idna-3.4-pyhd8ed1ab_0.tar.bz2#34272b248891bddccc64479f9a7fffed
https://conda.anaconda.org/conda-forge/noarch/itsdangerous-2.1.2-pyhd8ed1ab_0.tar.bz2#3c3de74912f11d2b590184f03c7cd09b
https://conda.anaconda.org/conda-forge/noarch/jmespath-1.0.1-pyhd8ed1ab_0.tar.bz2#2cfa3e1cf3fb51bb9b17acc5b5e9ea11
https://conda.anaconda.org/conda-forge/linux-64/kiwisolver-1.4.4-py311h4dd048b_1.tar.bz2#46d451f575392c01dc193069bd89766d
https://conda.anaconda.org/conda-forge/linux-64/lcms2-2.15-haa2dc70_1.conda#980d8aca0bc23ca73fa8caa3e7c84c28
https://conda.anaconda.org/conda-forge/linux-64/libcurl-8.1.2-h409715c_0.conda#50c873c9660ed116707ae15b663928d8
https://conda.anaconda.org/conda-forge/linux-64/libpq-15.3-hbcd7760_1.conda#8afb2a97d256ffde95b91a6283bc598c
https://conda.anaconda.org/conda-forge/linux-64/llvmlite-0.40.1-py311ha6695c7_0.conda#7a2b62d839516ba0cf56717e902229f4
https://conda.anaconda.org/conda-forge/linux-64/lxml-4.9.2-py311h1a07684_1.conda#22b4fb083a8262c0b4e135c86a2c0c99
https://conda.anaconda.org/conda-forge/linux-64/lz4-4.3.2-py311h9f220a4_0.conda#b8aad2507303e04037e8d02d8ac54217
https://conda.anaconda.org/conda-forge/linux-64/markupsafe-2.1.3-py311h459d7ec_0.conda#9904dc4adb5d547cb21e136f98cb24b0
https://conda.anaconda.org/conda-forge/noarch/monotonic-1.5-py_0.tar.bz2#0cc5fd0140497c3f1e2db2e7493b62b3
https://conda.anaconda.org/conda-forge/noarch/mpmath-1.3.0-pyhd8ed1ab_0.conda#dbf6e2d89137da32fa6670f3bffc024e
https://conda.anaconda.org/conda-forge/linux-64/multidict-6.0.4-py311h2582759_0.conda#8f581c14b50f2df47a2c6bd8d230a579
https://conda.anaconda.org/conda-forge/noarch/munkres-1.1.4-pyh9f0ad1d_0.tar.bz2#2ba8498c1018c1e9c61eb99b973dfe19
https://conda.anaconda.org/conda-forge/noarch/mypy_extensions-1.0.0-pyha770c72_0.conda#4eccaeba205f0aed9ac3a9ea58568ca3
https://conda.anaconda.org/conda-forge/noarch/nest-asyncio-1.5.6-pyhd8ed1ab_0.tar.bz2#7b868f21adde0d9b8b38f9c16836589b
https://conda.anaconda.org/conda-forge/linux-64/numpy-1.24.4-py311h64a7726_0.conda#5a03d7c75dd4a9ae9a58850860eca468
https://conda.anaconda.org/conda-forge/linux-64/openjpeg-2.5.0-hfec8fc6_2.conda#5ce6a42505c6e9e6151c54c3ec8d68ea
https://conda.anaconda.org/conda-forge/noarch/packaging-23.1-pyhd8ed1ab_0.conda#91cda59e66e1e4afe9476f8ef98f5c30
https://conda.anaconda.org/conda-forge/noarch/parso-0.8.3-pyhd8ed1ab_0.tar.bz2#17a565a0c3899244e938cdf417e7b094
https://conda.anaconda.org/conda-forge/noarch/pathspec-0.11.1-pyhd8ed1ab_0.conda#dbb80d1e8dc2dba5c8b106dc0768ad45
https://conda.anaconda.org/conda-forge/noarch/pathtools-0.1.2-py_1.tar.bz2#7c9b5632c61951216374dbaa34659301
https://conda.anaconda.org/conda-forge/noarch/pickleshare-0.7.5-py_1003.tar.bz2#415f0ebb6198cc2801c73438a9fb5761
https://conda.anaconda.org/conda-forge/linux-64/psutil-5.9.5-py311h2582759_0.conda#a90f8e278c1cd7064b2713e6b7db87e6
https://conda.anaconda.org/conda-forge/noarch/ptyprocess-0.7.0-pyhd3deb0d_0.tar.bz2#359eeb6536da0e687af562ed265ec263
https://conda.anaconda.org/conda-forge/noarch/pure_eval-0.2.2-pyhd8ed1ab_0.tar.bz2#6784285c7e55cb7212efabc79e4c2883
https://conda.anaconda.org/conda-forge/linux-64/pybind11-global-2.10.4-py311ha3edf6b_0.conda#b184adf61b2e9d8d34c6d3286de3b00b
https://conda.anaconda.org/conda-forge/noarch/pycparser-2.21-pyhd8ed1ab_0.tar.bz2#076becd9e05608f8dc72757d5f3a91ff
https://conda.anaconda.org/conda-forge/noarch/pygments-2.15.1-pyhd8ed1ab_0.conda#d316679235612869eba305aa7d41d9bf
https://conda.anaconda.org/conda-forge/noarch/pymysql-1.1.0-pyhd8ed1ab_0.conda#9f470663de99381f1a27fa30b01e0c42
https://conda.anaconda.org/conda-forge/noarch/pyparsing-3.1.0-pyhd8ed1ab_0.conda#d3ed087d1f7f8f5590e8e87b57a8ce64
https://conda.anaconda.org/conda-forge/noarch/pysocks-1.7.1-pyha2e5f31_6.tar.bz2#2a7de29fb590ca14b5243c4c812c8025
https://conda.anaconda.org/conda-forge/noarch/python-flatbuffers-23.5.26-pyhd8ed1ab_0.conda#131dd3656f3b731ab852fc66d3c41058
https://conda.anaconda.org/conda-forge/noarch/python-tzdata-2023.3-pyhd8ed1ab_0.conda#2590495f608a63625e165915fb4e2e34
https://conda.anaconda.org/conda-forge/noarch/pytz-2023.3-pyhd8ed1ab_0.conda#d3076b483092a435832603243567bc31
https://conda.anaconda.org/conda-forge/linux-64/pyyaml-6.0-py311hd4cff14_5.tar.bz2#da8769492e423103c59f469f4f17f8d9
https://conda.anaconda.org/conda-forge/linux-64/pyzmq-25.1.0-py311h75c88c4_0.conda#db94a7a9e865fbfde8c023b6e8958bb2
https://conda.anaconda.org/conda-forge/linux-64/regex-2023.6.3-py311h459d7ec_0.conda#63241cd623172dde157425d04e3f85af
https://conda.anaconda.org/conda-forge/linux-64/setproctitle-1.3.2-py311hd4cff14_1.tar.bz2#42844caae102821e24bfc266eb75bcad
https://conda.anaconda.org/conda-forge/noarch/setuptools-68.0.0-pyhd8ed1ab_0.conda#5a7739d0f57ee64133c9d32e6507c46d
https://conda.anaconda.org/conda-forge/noarch/six-1.16.0-pyh6c4a22f_0.tar.bz2#e5f25f8dbc060e9a8d912e432202afc2
https://conda.anaconda.org/conda-forge/noarch/smart_open-6.3.0-pyhd8ed1ab_1.conda#5ace9ea29eb3a47516a866a529a36c66
https://conda.anaconda.org/conda-forge/noarch/smmap-3.0.5-pyh44b312d_0.tar.bz2#3a8dc70789709aa315325d5df06fb7e4
https://conda.anaconda.org/conda-forge/noarch/sniffio-1.3.0-pyhd8ed1ab_0.tar.bz2#dd6cbc539e74cb1f430efbd4575b9303
https://conda.anaconda.org/conda-forge/noarch/soupsieve-2.3.2.post1-pyhd8ed1ab_0.tar.bz2#146f4541d643d48fc8a75cacf69f03ae
https://conda.anaconda.org/conda-forge/noarch/stringcase-1.2.0-py_0.tar.bz2#26a9caf3173939377bac7152379daac0
https://conda.anaconda.org/conda-forge/linux-64/tbb-2021.9.0-hf52228f_0.conda#f495e42d3d2020b025705625edf35490
https://conda.anaconda.org/conda-forge/noarch/tenacity-8.2.2-pyhd8ed1ab_0.conda#7b39e842b52966a99e229739cd4dc36e
https://conda.anaconda.org/conda-forge/noarch/threadpoolctl-3.1.0-pyh8a188c0_0.tar.bz2#a2995ee828f65687ac5b1e71a2ab1e0c
https://conda.anaconda.org/conda-forge/linux-64/tokenizers-0.13.3-py311h1b04a43_0.conda#1952feaeda647ae2fdded9b5d8a35311
https://conda.anaconda.org/conda-forge/noarch/tomli-2.0.1-pyhd8ed1ab_0.tar.bz2#5844808ffab9ebdb694585b50ba02a96
https://conda.anaconda.org/conda-forge/linux-64/tornado-6.3.2-py311h459d7ec_0.conda#12b1c374ee90a1aa11ea921858394dc8
https://conda.anaconda.org/conda-forge/noarch/traitlets-5.9.0-pyhd8ed1ab_0.conda#d0b4f5c87cd35ac3fb3d47b223263a64
https://conda.anaconda.org/conda-forge/noarch/types-pytz-2023.3.0.0-pyhd8ed1ab_0.conda#2010a97e7298197221abc6295790ff62
https://conda.anaconda.org/conda-forge/noarch/typing_extensions-4.7.1-pyha770c72_0.conda#c39d6a09fe819de4951c2642629d9115
https://conda.anaconda.org/conda-forge/noarch/typing_utils-0.1.0-pyhd8ed1ab_0.tar.bz2#eb67e3cace64c66233e2d35949e20f92
https://conda.anaconda.org/conda-forge/noarch/typish-1.9.3-pyhd8ed1ab_0.tar.bz2#81b3f3101aa2af117924d908a1b33c67
https://conda.anaconda.org/conda-forge/noarch/unidecode-1.3.6-pyhd8ed1ab_0.tar.bz2#e8f24401b17802df5f82f66a88cee29e
https://conda.anaconda.org/conda-forge/noarch/wheel-0.40.0-pyhd8ed1ab_0.conda#49bb0d9e60ce1db25e151780331bb5f3
https://conda.anaconda.org/conda-forge/noarch/zipp-3.15.0-pyhd8ed1ab_0.conda#13018819ca8f5b7cc675a8faf1f5fedf
https://conda.anaconda.org/conda-forge/noarch/aiosignal-1.3.1-pyhd8ed1ab_0.tar.bz2#d1e1eb7e21a9e2c74279d87dafb68156
https://conda.anaconda.org/conda-forge/linux-64/ansi2html-1.8.0-py311h38be061_1.tar.bz2#5ce42a68e90f54266ad06ac13b773ef1
https://conda.anaconda.org/conda-forge/noarch/anyio-3.7.0-pyhd8ed1ab_1.conda#2b35a85d654a47aac8f34c1bb6de7142
https://conda.anaconda.org/conda-forge/noarch/asttokens-2.2.1-pyhd8ed1ab_0.conda#bf7f54dd0f25c3f06ecb82a07341841a
https://conda.anaconda.org/conda-forge/linux-64/aws-c-auth-0.6.28-h435f46f_9.conda#ed5a94ac69c65ff39e619d77492084bc
https://conda.anaconda.org/conda-forge/linux-64/aws-c-mqtt-0.8.13-hd4f18eb_5.conda#860fb8c0efec64a4a678eb2ea066ff65
https://conda.anaconda.org/conda-forge/noarch/backports.functools_lru_cache-1.6.5-pyhd8ed1ab_0.conda#6b1b907661838a75d067a22f87996b2e
https://conda.anaconda.org/conda-forge/noarch/beautifulsoup4-4.12.2-pyha770c72_0.conda#a362ff7d976217f8fa78c0f1c4f59717
https://conda.anaconda.org/conda-forge/linux-64/cffi-1.15.1-py311h409f033_3.conda#9025d0786dbbe4bc91fd8e85502decce
https://conda.anaconda.org/conda-forge/noarch/coloredlogs-15.0.1-pyhd8ed1ab_3.tar.bz2#7b4fc18b7f66382257c45424eaf81935
https://conda.anaconda.org/conda-forge/noarch/comm-0.1.3-pyhd8ed1ab_0.conda#168ae0f82cdf7505048e81054c7354e4
https://conda.anaconda.org/conda-forge/linux-64/contourpy-1.1.0-py311h9547e67_0.conda#daf3f23397ab2265d0cdfa339f3627ba
https://conda.anaconda.org/conda-forge/noarch/docker-pycreds-0.4.0-py_0.tar.bz2#c69f19038efee4eb534623610d0c2053
https://conda.anaconda.org/conda-forge/linux-64/fonttools-4.40.0-py311h459d7ec_0.conda#b19f671a6b221f922cf871d71a71c0fa
https://conda.anaconda.org/conda-forge/noarch/gitdb-4.0.10-pyhd8ed1ab_0.conda#3706d2f3d7cb5dae600c833345a76132
https://conda.anaconda.org/conda-forge/linux-64/gunicorn-20.1.0-py311h38be061_3.tar.bz2#bc5c326a965a97a6cb1ccd2a3e6d67f5
https://conda.anaconda.org/conda-forge/noarch/h11-0.14.0-pyhd8ed1ab_0.tar.bz2#b21ed0883505ba1910994f1df031a428
https://conda.anaconda.org/conda-forge/linux-64/hnswlib-0.7.0-py311h92ebd52_1.conda#c2a77fd2f5863b8708a8c16e91385821
https://conda.anaconda.org/conda-forge/noarch/importlib-metadata-6.7.0-pyha770c72_0.conda#ba3786c6846e46038fe60c785d46dc81
https://conda.anaconda.org/conda-forge/noarch/importlib_resources-5.12.0-pyhd8ed1ab_0.conda#e5fd2260a231ee63b6969f4801082f2b
https://conda.anaconda.org/conda-forge/noarch/jedi-0.18.2-pyhd8ed1ab_0.conda#b5e695ef9c3f0d27d6cd96bf5adc9e07
https://conda.anaconda.org/conda-forge/noarch/jinja2-3.1.2-pyhd8ed1ab_1.tar.bz2#c8490ed5c70966d232fdd389d0dbed37
https://conda.anaconda.org/conda-forge/noarch/joblib-1.3.0-pyhd8ed1ab_1.conda#fb4caf6da228ccc487350eade569abae
https://conda.anaconda.org/conda-forge/noarch/jsons-1.6.3-pyhd8ed1ab_0.tar.bz2#c8ea6f24d2c1291ac03c50e449642627
https://conda.anaconda.org/conda-forge/linux-64/libgoogle-cloud-2.12.0-h840a212_1.conda#03c225a73835f5aa68c13e62eb360406
https://conda.anaconda.org/conda-forge/noarch/marshmallow-3.19.0-pyhd8ed1ab_0.tar.bz2#a01bddee366d4dd6be27300c6427f9ea
https://conda.anaconda.org/conda-forge/noarch/matplotlib-inline-0.1.6-pyhd8ed1ab_0.tar.bz2#b21613793fcc81d944c76c9f2864a7de
https://conda.anaconda.org/conda-forge/linux-64/numba-0.57.1-py311h96b013e_0.conda#618010d18c4a38073a7f51d9dd3fd8a8
https://conda.anaconda.org/conda-forge/linux-64/numexpr-2.8.4-py311h6d5cd4e_100.conda#c167d3fb50f82675f1ea2068207e8ba5
https://conda.anaconda.org/conda-forge/linux-64/openpyxl-3.1.2-py311h459d7ec_0.conda#3fd48307e8596409a2a55d516fa3ad1f
https://conda.anaconda.org/conda-forge/noarch/overrides-7.3.1-pyhd8ed1ab_0.tar.bz2#a5745ced46e69aa9754053ba061974ab
https://conda.anaconda.org/conda-forge/noarch/pandas-stubs-2.0.2.230605-pyhd8ed1ab_2.conda#cdfe08caaad498563f28d1772ac22d1d
https://conda.anaconda.org/conda-forge/noarch/pexpect-4.8.0-pyh1a96a4e_2.tar.bz2#330448ce4403cc74990ac07c555942a1
https://conda.anaconda.org/conda-forge/linux-64/pillow-10.0.0-py311h0b84326_0.conda#4b24acdc1fbbae9da03147e7d2cf8c8a
https://conda.anaconda.org/conda-forge/noarch/pip-23.1.2-pyhd8ed1ab_0.conda#7288da0d36821349cf1126e8670292df
https://conda.anaconda.org/conda-forge/noarch/plotly-5.15.0-pyhd8ed1ab_0.conda#48573e7cca7860509648522a3b8507d7
https://conda.anaconda.org/conda-forge/linux-64/protobuf-4.23.3-py311hbec7ed6_0.conda#58f90badf016d9055c71387dc6571366
https://conda.anaconda.org/conda-forge/linux-64/psycopg2-2.9.3-py311h968e94b_2.conda#fdbb71c126dfaa4149f026c31f536ca8
https://conda.anaconda.org/conda-forge/linux-64/pybind11-2.10.4-py311ha3edf6b_0.conda#2a26404b1dc51c584f9e01c77be0ace1
https://conda.anaconda.org/conda-forge/noarch/python-dateutil-2.8.2-pyhd8ed1ab_0.tar.bz2#dd999d1cc9f79e67dbb855c8924c7984
https://conda.anaconda.org/conda-forge/noarch/python-dotenv-1.0.0-pyhd8ed1ab_0.conda#a94065a7cbac6b5630fb7e4801366b40
https://conda.anaconda.org/conda-forge/noarch/retrying-1.3.3-py_2.tar.bz2#a11f356d6f93b74b4a84e9501afd48b4
https://conda.anaconda.org/conda-forge/noarch/sympy-1.12-pypyh9d50eac_103.conda#2f7d6347d7acf6edf1ac7f2189f44c8f
https://conda.anaconda.org/conda-forge/noarch/tqdm-4.65.0-pyhd8ed1ab_1.conda#ed792aff3acb977d09c7013358097f83
https://conda.anaconda.org/conda-forge/noarch/typing-extensions-4.7.1-hd8ed1ab_0.conda#f96688577f1faa58096d06a45136afa2
https://conda.anaconda.org/conda-forge/noarch/typing_inspect-0.9.0-pyhd8ed1ab_0.conda#9e924b76b91908a17e28a19a0ab88687
https://conda.anaconda.org/conda-forge/noarch/werkzeug-2.3.6-pyhd8ed1ab_0.conda#55fbbb3e67185820ee2007395bfe0073
https://conda.anaconda.org/conda-forge/noarch/wtforms-3.0.1-pyhd8ed1ab_0.tar.bz2#62a19155ee3896566849634586c1813d
https://conda.anaconda.org/conda-forge/linux-64/yarl-1.9.2-py311h459d7ec_0.conda#4d738187d20e0a3be66973860f134e0a
https://conda.anaconda.org/conda-forge/noarch/async-timeout-4.0.2-pyhd8ed1ab_0.tar.bz2#25e79f9a1133556671becbd65a170c78
https://conda.anaconda.org/conda-forge/linux-64/aws-c-s3-0.3.11-hfaf190a_2.conda#aa907630fc9f765006d29d4af48e83c8
https://conda.anaconda.org/conda-forge/linux-64/bcrypt-3.2.2-py311hd4cff14_1.tar.bz2#a0dcc7542547bc73d1cdcb5a7874318b
https://conda.anaconda.org/conda-forge/linux-64/brotlipy-0.7.0-py311hd4cff14_1005.tar.bz2#9bdac7084ecfc08338bae1b976535724
https://conda.anaconda.org/conda-forge/linux-64/cryptography-41.0.1-py311h63ff55d_0.conda#69ad01f66b8efff535d341ba5b283c2c
https://conda.anaconda.org/conda-forge/linux-64/fasttext-0.9.2-py311h4dd048b_5.tar.bz2#303dc80e42effb404db7d71b889a3944
https://conda.anaconda.org/conda-forge/noarch/flask-2.3.2-pyhd8ed1ab_0.conda#816d75d4c0f2e41b5765d17498c57a2e
https://conda.anaconda.org/conda-forge/noarch/gitpython-3.1.31-pyhd8ed1ab_0.conda#f6e6b482110246a81c3f03e81c68752d
https://conda.anaconda.org/conda-forge/noarch/importlib_metadata-6.7.0-hd8ed1ab_0.conda#27a4cec373ec84d1c1aa02a1e37f8eaf
https://conda.anaconda.org/conda-forge/noarch/mako-1.2.4-pyhd8ed1ab_0.tar.bz2#0d072f0edc017b6318dbab701e053f94
https://conda.anaconda.org/conda-forge/noarch/marshmallow-enum-1.5.1-pyh9f0ad1d_3.tar.bz2#67c5202bf14543cd1bb97f129d3f26dd
https://conda.anaconda.org/conda-forge/linux-64/matplotlib-base-3.7.1-py311h8597a09_0.conda#70c3b734ffe82c16b6d121aaa11929a8
https://conda.anaconda.org/conda-forge/noarch/nltk-3.8.1-pyhd8ed1ab_0.conda#518c769ca4273480a99be6e559a26192
https://conda.anaconda.org/conda-forge/linux-64/onnxruntime-1.15.1-py311hdcfe54c_1.conda#fa07041e37a0a607b290a31413d6cc98
https://conda.anaconda.org/conda-forge/linux-64/pandas-2.0.3-py311h320fe9a_0.conda#c9308b00067b8aa10893cb020bc39627
https://conda.anaconda.org/conda-forge/noarch/platformdirs-3.8.0-pyhd8ed1ab_0.conda#3e4aca765371893ad848397794600632
https://conda.anaconda.org/conda-forge/linux-64/pydantic-1.10.10-py311h459d7ec_0.conda#9689a6bf97aad9a63d592b037bea7ce4
https://conda.anaconda.org/conda-forge/linux-64/pynacl-1.5.0-py311hd4cff14_2.tar.bz2#8557e0732900a008d8b72e3effbd8521
https://conda.anaconda.org/conda-forge/noarch/setuptools-scm-7.1.0-pyhd8ed1ab_0.conda#6613dbb3b25cc648a107f33ca9f80fc1
https://conda.anaconda.org/conda-forge/linux-64/sqlalchemy-2.0.17-py311h459d7ec_0.conda#40840325f6415f6072b93c5750c8e527
https://conda.anaconda.org/conda-forge/noarch/stack_data-0.6.2-pyhd8ed1ab_0.conda#e7df0fdd404616638df5ece6e69ba7af
https://conda.anaconda.org/conda-forge/noarch/starlette-0.27.0-pyhd8ed1ab_0.conda#6facb6fc201d334257db8004439705d3
https://conda.anaconda.org/conda-forge/linux-64/uvicorn-0.22.0-py311h38be061_0.conda#90808c35e81aba8fffdfd39871a8e1e5
https://conda.anaconda.org/conda-forge/noarch/wcwidth-0.2.6-pyhd8ed1ab_0.conda#078979d33523cb477bd1916ce41aacc9
https://conda.anaconda.org/conda-forge/linux-64/zstandard-0.19.0-py311haa97af0_2.conda#10b11630d87e0a1d4abce705bc4e0b55
https://conda.anaconda.org/conda-forge/linux-64/aiohttp-3.8.4-py311h459d7ec_1.conda#649386bf24f512a0593a83f59d2b7172
https://conda.anaconda.org/conda-forge/noarch/alembic-1.11.1-pyhd8ed1ab_0.conda#6a55e123397b42b79c48b31d1b7a91b8
https://conda.anaconda.org/conda-forge/linux-64/aws-crt-cpp-0.20.2-h42d1850_14.conda#ce3336696020e88a9d30c1b5330a46cd
https://conda.anaconda.org/conda-forge/linux-64/black-23.3.0-py311h38be061_0.conda#18967f2ac69ecc289003f1e00e0f7885
https://conda.anaconda.org/conda-forge/noarch/dataclasses-json-0.5.7-pyhd8ed1ab_0.tar.bz2#460d0446b90718c6b535bfe807eab1cd
https://conda.anaconda.org/conda-forge/noarch/dnspython-2.3.0-pyhd8ed1ab_0.conda#295ed79bc8b40ad804c2b08470290722
https://conda.anaconda.org/conda-forge/noarch/fastapi-0.99.0-pyhd8ed1ab_0.conda#5326341542127380f0a29f21ad6cdb7d
https://conda.anaconda.org/conda-forge/noarch/flask-cors-4.0.0-pyhd8ed1ab_0.conda#3dc2a99c1c76e3f4307ebaebfda0af4a
https://conda.anaconda.org/conda-forge/noarch/flask-login-0.6.2-pyhd8ed1ab_0.tar.bz2#427457b9179d5f1d65b11ca7761e60ee
https://conda.anaconda.org/conda-forge/noarch/flask-sqlalchemy-3.0.3-pyhd8ed1ab_0.conda#6a301e2aa76aef91787e15f59ab03390
https://conda.anaconda.org/conda-forge/noarch/flask-wtf-1.1.1-pyhd8ed1ab_0.conda#09444b8c665b230a6d5b7963b5e5191d
https://conda.anaconda.org/conda-forge/noarch/ftfy-6.1.1-pyhd8ed1ab_0.tar.bz2#8112acb97be37967accbbe75436b62d7
https://conda.anaconda.org/conda-forge/linux-64/jupyter_core-5.3.1-py311h38be061_0.conda#0cf8259b01ede82c76007996f73f89ed
https://conda.anaconda.org/conda-forge/noarch/openapi-schema-pydantic-1.2.4-pyhd8ed1ab_0.conda#faad395d0f53f26b065abf4a6345c914
https://conda.anaconda.org/conda-forge/noarch/paramiko-3.2.0-pyhd8ed1ab_0.conda#f212c7eb95e909df4795297f73690993
https://conda.anaconda.org/conda-forge/noarch/prompt-toolkit-3.0.38-pyha770c72_0.conda#59ba1bf8ea558751a0d391249a248765
https://conda.anaconda.org/conda-forge/noarch/pyopenssl-23.2.0-pyhd8ed1ab_1.conda#34f7d568bf59d18e3fef8c405cbece21
https://conda.anaconda.org/conda-forge/noarch/setuptools_scm-7.1.0-hd8ed1ab_0.conda#75abb977a0ae63a8039b12fa0925eeb8
https://conda.anaconda.org/conda-forge/linux-64/aws-sdk-cpp-1.10.57-he0ca162_15.conda#d6dda879c98872536f58772f9d0da3c5
https://conda.anaconda.org/conda-forge/noarch/eventlet-0.33.3-pyhd8ed1ab_0.conda#beda3d051c6f2ba25d08aa2c753026ca
https://conda.anaconda.org/conda-forge/noarch/flask-migrate-4.0.4-pyhd8ed1ab_0.conda#406643e84bd1befe66e49c8dad95464c
https://conda.anaconda.org/conda-forge/noarch/jupyter_client-8.3.0-pyhd8ed1ab_0.conda#1d018ee4ab13217e2544f795eb0a6798
https://conda.anaconda.org/conda-forge/noarch/prompt_toolkit-3.0.38-hd8ed1ab_0.conda#45b74f64d8808eda7e6f6e6b1d641fd2
https://conda.anaconda.org/conda-forge/noarch/urllib3-1.26.15-pyhd8ed1ab_0.conda#27db656619a55d727eaf5a6ece3d2fd6
https://conda.anaconda.org/conda-forge/noarch/botocore-1.29.165-pyhd8ed1ab_0.conda#0f30016ea54215fdb883b8978340c9b7
https://conda.anaconda.org/conda-forge/noarch/clickhouse-connect-0.5.25-pyhd8ed1ab_0.conda#1c9b7a31d7653ce86f785242a0bad898
https://conda.anaconda.org/conda-forge/noarch/ipython-8.14.0-pyh41d4057_0.conda#0a0b0d8177c4a209017b356439292db8
https://conda.anaconda.org/conda-forge/linux-64/libarrow-12.0.1-h32ed672_2_cpu.conda#0ec7e20366e73eb0400b8de000fe2f37
https://conda.anaconda.org/conda-forge/noarch/requests-2.31.0-pyhd8ed1ab_0.conda#a30144e4156cdbb236f99ebb49828f8b
https://conda.anaconda.org/conda-forge/noarch/sentry-sdk-1.21.1-pyhd8ed1ab_0.conda#19abd8dd0b920f7f783c39c20dbee436
https://conda.anaconda.org/conda-forge/linux-64/arrow-cpp-12.0.1-hdd9f425_2_cpu.conda#f39b56cae4b3e05887b3fcd537b59049
https://conda.anaconda.org/conda-forge/noarch/dash-2.11.1-pyhd8ed1ab_0.conda#9d11f73ee461839583dd00125601d07b
https://conda.anaconda.org/conda-forge/noarch/ipykernel-6.23.3-pyh71e2992_0.conda#482f0176a89f14e10a7d15f9f1980e36
https://conda.anaconda.org/conda-forge/noarch/langchain-0.0.190-pyhd8ed1ab_0.conda#a08442fc9713b20f9606b31f4a6779fa
https://conda.anaconda.org/conda-forge/noarch/pooch-1.7.0-pyha770c72_3.conda#5936894aade8240c867d292aa0d980c6
https://conda.anaconda.org/conda-forge/noarch/posthog-3.0.1-pyhd8ed1ab_0.conda#68e0988d8152bae46a83a8b250d7acd5
https://conda.anaconda.org/conda-forge/linux-64/pyarrow-12.0.1-py311h39c9aba_2_cpu.conda#c49d6fb65b289a483294c49b3c52b398
https://conda.anaconda.org/conda-forge/noarch/s3transfer-0.6.1-pyhd8ed1ab_0.conda#b19a857ac845097e9c823c9f4d35f80e
https://conda.anaconda.org/conda-forge/linux-64/tiktoken-0.3.3-py311hf757353_0.conda#acc9ca3a267dd78c26cd0c12d880bfd4
https://conda.anaconda.org/conda-forge/noarch/wandb-0.15.4-pyhd8ed1ab_0.conda#7065e2d259904c19267a5849ed3bb3c4
https://conda.anaconda.org/conda-forge/noarch/boto3-1.26.165-pyhd8ed1ab_0.conda#b9a6316db67d5f2c8dbac2aeb24c6803
https://conda.anaconda.org/conda-forge/linux-64/python-duckdb-0.8.1-py311hd74dfb7_0.conda#c80289e24eb4d8a8e367eb6afd2f4fbf
https://conda.anaconda.org/conda-forge/linux-64/scipy-1.11.1-py311h64a7726_0.conda#356da36102fc1eeb8a81e6d79e53bc7e
https://conda.anaconda.org/conda-forge/noarch/chromadb-0.3.25-pyhd8ed1ab_0.conda#cb8d9b7c29a68cc25cc29645a6bfa16a
https://conda.anaconda.org/conda-forge/linux-64/gensim-4.3.1-py311h2872171_1.conda#c0fd702ea7e49f358c2dfffc36f729b9
https://conda.anaconda.org/conda-forge/noarch/patsy-0.5.3-pyhd8ed1ab_0.tar.bz2#50ef6b29b1fb0768ca82c5aeb4fb2d96
https://conda.anaconda.org/conda-forge/linux-64/pot-0.9.0-py311h2872171_0.conda#66d780bd2dd078d0f1e8170121f302b1
https://conda.anaconda.org/conda-forge/linux-64/scikit-learn-1.3.0-py311hc009520_0.conda#847797c4a9c0c3363ffcfe7571dedfee
https://conda.anaconda.org/conda-forge/noarch/seaborn-base-0.12.2-pyhd8ed1ab_0.conda#cf88f3a1c11536bc3c10c14ad00ccc42
https://conda.anaconda.org/conda-forge/noarch/openai-0.27.8-pyhd8ed1ab_0.conda#17dc1759462e9d22f3ea7369fe2d4c10
https://conda.anaconda.org/conda-forge/noarch/pynndescent-0.5.10-pyh1a96a4e_0.conda#69de534d7ed82365525f398be03ca647
https://conda.anaconda.org/conda-forge/linux-64/statsmodels-0.14.0-py311h1f0f07a_1.conda#a1daa39fa0bfed4d91a3640c2274034a
https://conda.anaconda.org/conda-forge/noarch/seaborn-0.12.2-hd8ed1ab_0.conda#50847a47c07812f88581081c620f5160
https://conda.anaconda.org/conda-forge/linux-64/umap-learn-0.5.3-py311h38be061_1.conda#c10904016decd5b010da59038d6ac0e0
